
Microsoft Visual Studio Solution File, Format Version 12.00
# Visual Studio Version 16
VisualStudioVersion = 16.0.31025.194
MinimumVisualStudioVersion = 10.0.40219.1
Project("{9A19103F-16F7-4668-BE54-9A1E7A4F7556}") = "Resarvation", "Resarvation\Resarvation.csproj", "{96123F86-126A-40FA-91DF-BA652D5EC796}"
EndProject
Global
	GlobalSection(SolutionConfigurationPlatforms) = preSolution
		Debug|Any CPU = Debug|Any CPU
		Release|Any CPU = Release|Any CPU
	EndGlobalSection
	GlobalSection(ProjectConfigurationPlatforms) = postSolution
		{96123F86-126A-40FA-91DF-BA652D5EC796}.Debug|Any CPU.ActiveCfg = Debug|Any CPU
		{96123F86-126A-40FA-91DF-BA652D5EC796}.Debug|Any CPU.Build.0 = Debug|Any CPU
		{96123F86-126A-40FA-91DF-BA652D5EC796}.Release|Any CPU.ActiveCfg = Release|Any CPU
		{96123F86-126A-40FA-91DF-BA652D5EC796}.Release|Any CPU.Build.0 = Release|Any CPU
	EndGlobalSection
	GlobalSection(SolutionProperties) = preSolution
		HideSolutionNode = FALSE
	EndGlobalSection
	GlobalSection(ExtensibilityGlobals) = postSolution
		SolutionGuid = {631DD204-7473-4B9B-94F9-175CE44210AF}
	EndGlobalSection
EndGlobal
